// !$*UTF8*$!
{
	archiveVersion = 1;
	classes = {
	};
	objectVersion = 55;
	objects = {

/* Begin PBXBuildFile section */
		6D813442289A192A00197003 /* PlayView.m in Sources */ = {isa = PBXBuildFile; fileRef = 6D813441289A192A00197003 /* PlayView.m */; };
		6D8C1D8B289239D800D48824 /* Music.m in Sources */ = {isa = PBXBuildFile; fileRef = 6D8C1D8A289239D800D48824 /* Music.m */; };
		6D8C1D8D2892787600D48824 /* music.json in Resources */ = {isa = PBXBuildFile; fileRef = 6D8C1D8C2892787600D48824 /* music.json */; };
		6D8C1D932897EDDF00D48824 /* KVOTest.m in Sources */ = {isa = PBXBuildFile; fileRef = 6D8C1D922897EDDF00D48824 /* KVOTest.m */; };
		6DAEE879288E71E300BED81A /* myTableViewCell.m in Sources */ = {isa = PBXBuildFile; fileRef = 6DAEE878288E71E300BED81A /* myTableViewCell.m */; };
		6DAEE882288FE12D00BED81A /* myView.m in Sources */ = {isa = PBXBuildFile; fileRef = 6DAEE881288FE12C00BED81A /* myView.m */; };
		6DAEE89728911CD900BED81A /* MyController.m in Sources */ = {isa = PBXBuildFile; fileRef = 6DAEE89628911CD900BED81A /* MyController.m */; };
		6DC548FF289CEB9600EAC383 /* LikeController.m in Sources */ = {isa = PBXBuildFile; fileRef = 6DC548FE289CEB9600EAC383 /* LikeController.m */; };
		6DEFAF1E2888FC2A004B9A80 /* AppDelegate.m in Sources */ = {isa = PBXBuildFile; fileRef = 6DEFAF1D2888FC2A004B9A80 /* AppDelegate.m */; };
		6DEFAF212888FC2A004B9A80 /* SceneDelegate.m in Sources */ = {isa = PBXBuildFile; fileRef = 6DEFAF202888FC2A004B9A80 /* SceneDelegate.m */; };
		6DEFAF242888FC2A004B9A80 /* ViewController.m in Sources */ = {isa = PBXBuildFile; fileRef = 6DEFAF232888FC2A004B9A80 /* ViewController.m */; };
		6DEFAF292888FC2C004B9A80 /* Assets.xcassets in Resources */ = {isa = PBXBuildFile; fileRef = 6DEFAF282888FC2C004B9A80 /* Assets.xcassets */; };
		6DEFAF2C2888FC2D004B9A80 /* LaunchScreen.storyboard in Resources */ = {isa = PBXBuildFile; fileRef = 6DEFAF2A2888FC2D004B9A80 /* LaunchScreen.storyboard */; };
		6DEFAF2F2888FC2D004B9A80 /* main.m in Sources */ = {isa = PBXBuildFile; fileRef = 6DEFAF2E2888FC2D004B9A80 /* main.m */; };
/* End PBXBuildFile section */

/* Begin PBXFileReference section */
		6D813440289A192A00197003 /* PlayView.h */ = {isa = PBXFileReference; lastKnownFileType = sourcecode.c.h; path = PlayView.h; sourceTree = "<group>"; };
		6D813441289A192A00197003 /* PlayView.m */ = {isa = PBXFileReference; lastKnownFileType = sourcecode.c.objc; path = PlayView.m; sourceTree = "<group>"; };
		6D8C1D89289239D800D48824 /* Music.h */ = {isa = PBXFileReference; lastKnownFileType = sourcecode.c.h; name = Music.h; path = ../Music.h; sourceTree = "<group>"; };
		6D8C1D8A289239D800D48824 /* Music.m */ = {isa = PBXFileReference; lastKnownFileType = sourcecode.c.objc; name = Music.m; path = ../Music.m; sourceTree = "<group>"; };
		6D8C1D8C2892787600D48824 /* music.json */ = {isa = PBXFileReference; fileEncoding = 4; lastKnownFileType = text.json; path = music.json; sourceTree = "<group>"; };
		6D8C1D912897EDDF00D48824 /* KVOTest.h */ = {isa = PBXFileReference; lastKnownFileType = sourcecode.c.h; path = KVOTest.h; sourceTree = "<group>"; };
		6D8C1D922897EDDF00D48824 /* KVOTest.m */ = {isa = PBXFileReference; lastKnownFileType = sourcecode.c.objc; path = KVOTest.m; sourceTree = "<group>"; };
		6DAEE877288E71E300BED81A /* myTableViewCell.h */ = {isa = PBXFileReference; lastKnownFileType = sourcecode.c.h; path = myTableViewCell.h; sourceTree = "<group>"; };
		6DAEE878288E71E300BED81A /* myTableViewCell.m */ = {isa = PBXFileReference; lastKnownFileType = sourcecode.c.objc; path = myTableViewCell.m; sourceTree = "<group>"; };
		6DAEE880288FE12C00BED81A /* myView.h */ = {isa = PBXFileReference; lastKnownFileType = sourcecode.c.h; path = myView.h; sourceTree = "<group>"; };
		6DAEE881288FE12C00BED81A /* myView.m */ = {isa = PBXFileReference; lastKnownFileType = sourcecode.c.objc; path = myView.m; sourceTree = "<group>"; };
		6DAEE89528911CD900BED81A /* MyController.h */ = {isa = PBXFileReference; lastKnownFileType = sourcecode.c.h; path = MyController.h; sourceTree = "<group>"; };
		6DAEE89628911CD900BED81A /* MyController.m */ = {isa = PBXFileReference; lastKnownFileType = sourcecode.c.objc; path = MyController.m; sourceTree = "<group>"; };
		6DC548FD289CEB9600EAC383 /* LikeController.h */ = {isa = PBXFileReference; lastKnownFileType = sourcecode.c.h; path = LikeController.h; sourceTree = "<group>"; };
		6DC548FE289CEB9600EAC383 /* LikeController.m */ = {isa = PBXFileReference; lastKnownFileType = sourcecode.c.objc; path = LikeController.m; sourceTree = "<group>"; };
		6DEFAF192888FC2A004B9A80 /* project_2.app */ = {isa = PBXFileReference; explicitFileType = wrapper.application; includeInIndex = 0; path = project_2.app; sourceTree = BUILT_PRODUCTS_DIR; };
		6DEFAF1C2888FC2A004B9A80 /* AppDelegate.h */ = {isa = PBXFileReference; lastKnownFileType = sourcecode.c.h; path = AppDelegate.h; sourceTree = "<group>"; };
		6DEFAF1D2888FC2A004B9A80 /* AppDelegate.m */ = {isa = PBXFileReference; lastKnownFileType = sourcecode.c.objc; path = AppDelegate.m; sourceTree = "<group>"; };
		6DEFAF1F2888FC2A004B9A80 /* SceneDelegate.h */ = {isa = PBXFileReference; lastKnownFileType = sourcecode.c.h; path = SceneDelegate.h; sourceTree = "<group>"; };
		6DEFAF202888FC2A004B9A80 /* SceneDelegate.m */ = {isa = PBXFileReference; lastKnownFileType = sourcecode.c.objc; path = SceneDelegate.m; sourceTree = "<group>"; };
		6DEFAF222888FC2A004B9A80 /* ViewController.h */ = {isa = PBXFileReference; lastKnownFileType = sourcecode.c.h; path = ViewController.h; sourceTree = "<group>"; };
		6DEFAF232888FC2A004B9A80 /* ViewController.m */ = {isa = PBXFileReference; lastKnownFileType = sourcecode.c.objc; path = ViewController.m; sourceTree = "<group>"; };
		6DEFAF282888FC2C004B9A80 /* Assets.xcassets */ = {isa = PBXFileReference; lastKnownFileType = folder.assetcatalog; path = Assets.xcassets; sourceTree = "<group>"; };
		6DEFAF2B2888FC2D004B9A80 /* Base */ = {isa = PBXFileReference; lastKnownFileType = file.storyboard; name = Base; path = Base.lproj/LaunchScreen.storyboard; sourceTree = "<group>"; };
		6DEFAF2D2888FC2D004B9A80 /* Info.plist */ = {isa = PBXFileReference; lastKnownFileType = text.plist.xml; path = Info.plist; sourceTree = "<group>"; };
		6DEFAF2E2888FC2D004B9A80 /* main.m */ = {isa = PBXFileReference; lastKnownFileType = sourcecode.c.objc; path = main.m; sourceTree = "<group>"; };
/* End PBXFileReference section */

/* Begin PBXFrameworksBuildPhase section */
		6DEFAF162888FC2A004B9A80 /* Frameworks */ = {
			isa = PBXFrameworksBuildPhase;
			buildActionMask = 2147483647;
			files = (
			);
			runOnlyForDeploymentPostprocessing = 0;
		};
/* End PBXFrameworksBuildPhase section */

/* Begin PBXGroup section */
		6DEFAF102888FC2A004B9A80 = {
			isa = PBXGroup;
			children = (
				6DEFAF1B2888FC2A004B9A80 /* project_2 */,
				6DEFAF1A2888FC2A004B9A80 /* Products */,
			);
			sourceTree = "<group>";
		};
		6DEFAF1A2888FC2A004B9A80 /* Products */ = {
			isa = PBXGroup;
			children = (
				6DEFAF192888FC2A004B9A80 /* project_2.app */,
			);
			name = Products;
			sourceTree = "<group>";
		};
		6DEFAF1B2888FC2A004B9A80 /* project_2 */ = {
			isa = PBXGroup;
			children = (
				6DEFAF1C2888FC2A004B9A80 /* AppDelegate.h */,
				6DEFAF1D2888FC2A004B9A80 /* AppDelegate.m */,
				6DEFAF1F2888FC2A004B9A80 /* SceneDelegate.h */,
				6DEFAF202888FC2A004B9A80 /* SceneDelegate.m */,
				6DEFAF222888FC2A004B9A80 /* ViewController.h */,
				6DEFAF232888FC2A004B9A80 /* ViewController.m */,
				6DEFAF282888FC2C004B9A80 /* Assets.xcassets */,
				6DEFAF2A2888FC2D004B9A80 /* LaunchScreen.storyboard */,
				6DEFAF2D2888FC2D004B9A80 /* Info.plist */,
				6DEFAF2E2888FC2D004B9A80 /* main.m */,
				6D8C1D89289239D800D48824 /* Music.h */,
				6D8C1D8A289239D800D48824 /* Music.m */,
				6DAEE877288E71E300BED81A /* myTableViewCell.h */,
				6DAEE878288E71E300BED81A /* myTableViewCell.m */,
				6DAEE880288FE12C00BED81A /* myView.h */,
				6DAEE881288FE12C00BED81A /* myView.m */,
				6DAEE89528911CD900BED81A /* MyController.h */,
				6DAEE89628911CD900BED81A /* MyController.m */,
				6D8C1D8C2892787600D48824 /* music.json */,
				6D8C1D912897EDDF00D48824 /* KVOTest.h */,
				6D8C1D922897EDDF00D48824 /* KVOTest.m */,
				6D813440289A192A00197003 /* PlayView.h */,
				6D813441289A192A00197003 /* PlayView.m */,
				6DC548FD289CEB9600EAC383 /* LikeController.h */,
				6DC548FE289CEB9600EAC383 /* LikeController.m */,
			);
			path = project_2;
			sourceTree = "<group>";
		};
/* End PBXGroup section */

/* Begin PBXNativeTarget section */
		6DEFAF182888FC2A004B9A80 /* project_2 */ = {
			isa = PBXNativeTarget;
			buildConfigurationList = 6DEFAF322888FC2D004B9A80 /* Build configuration list for PBXNativeTarget "project_2" */;
			buildPhases = (
				6DEFAF152888FC2A004B9A80 /* Sources */,
				6DEFAF162888FC2A004B9A80 /* Frameworks */,
				6DEFAF172888FC2A004B9A80 /* Resources */,
			);
			buildRules = (
			);
			dependencies = (
			);
			name = project_2;
			productName = project_2;
			productReference = 6DEFAF192888FC2A004B9A80 /* project_2.app */;
			productType = "com.apple.product-type.application";
		};
/* End PBXNativeTarget section */

/* Begin PBXProject section */
		6DEFAF112888FC2A004B9A80 /* Project object */ = {
			isa = PBXProject;
			attributes = {
				BuildIndependentTargetsInParallel = 1;
				LastUpgradeCheck = 1340;
				TargetAttributes = {
					6DEFAF182888FC2A004B9A80 = {
						CreatedOnToolsVersion = 13.4.1;
					};
				};
			};
			buildConfigurationList = 6DEFAF142888FC2A004B9A80 /* Build configuration list for PBXProject "project_2" */;
			compatibilityVersion = "Xcode 13.0";
			developmentRegion = en;
			hasScannedForEncodings = 0;
			knownRegions = (
				en,
				Base,
			);
			mainGroup = 6DEFAF102888FC2A004B9A80;
			productRefGroup = 6DEFAF1A2888FC2A004B9A80 /* Products */;
			projectDirPath = "";
			projectRoot = "";
			targets = (
				6DEFAF182888FC2A004B9A80 /* project_2 */,
			);
		};
/* End PBXProject section */

/* Begin PBXResourcesBuildPhase section */
		6DEFAF172888FC2A004B9A80 /* Resources */ = {
			isa = PBXResourcesBuildPhase;
			buildActionMask = 2147483647;
			files = (
				6DEFAF2C2888FC2D004B9A80 /* LaunchScreen.storyboard in Resources */,
				6D8C1D8D2892787600D48824 /* music.json in Resources */,
				6DEFAF292888FC2C004B9A80 /* Assets.xcassets in Resources */,
			);
			runOnlyForDeploymentPostprocessing = 0;
		};
/* End PBXResourcesBuildPhase section */

/* Begin PBXSourcesBuildPhase section */
		6DEFAF152888FC2A004B9A80 /* Sources */ = {
			isa = PBXSourcesBuildPhase;
			buildActionMask = 2147483647;
			files = (
				6D8C1D8B289239D800D48824 /* Music.m in Sources */,
				6DEFAF242888FC2A004B9A80 /* ViewController.m in Sources */,
				6D8C1D932897EDDF00D48824 /* KVOTest.m in Sources */,
				6DC548FF289CEB9600EAC383 /* LikeController.m in Sources */,
				6DEFAF1E2888FC2A004B9A80 /* AppDelegate.m in Sources */,
				6D813442289A192A00197003 /* PlayView.m in Sources */,
				6DAEE882288FE12D00BED81A /* myView.m in Sources */,
				6DAEE89728911CD900BED81A /* MyController.m in Sources */,
				6DEFAF2F2888FC2D004B9A80 /* main.m in Sources */,
				6DEFAF212888FC2A004B9A80 /* SceneDelegate.m in Sources */,
				6DAEE879288E71E300BED81A /* myTableViewCell.m in Sources */,
			);
			runOnlyForDeploymentPostprocessing = 0;
		};
/* End PBXSourcesBuildPhase section */

/* Begin PBXVariantGroup section */
		6DEFAF2A2888FC2D004B9A80 /* LaunchScreen.storyboard */ = {
			isa = PBXVariantGroup;
			children = (
				6DEFAF2B2888FC2D004B9A80 /* Base */,
			);
			name = LaunchScreen.storyboard;
			sourceTree = "<group>";
		};
/* End PBXVariantGroup section */

/* Begin XCBuildConfiguration section */
		6DEFAF302888FC2D004B9A80 /* Debug */ = {
			isa = XCBuildConfiguration;
			buildSettings = {
				ALWAYS_SEARCH_USER_PATHS = NO;
				CLANG_ANALYZER_NONNULL = YES;
				CLANG_ANALYZER_NUMBER_OBJECT_CONVERSION = YES_AGGRESSIVE;
				CLANG_CXX_LANGUAGE_STANDARD = "gnu++17";
				CLANG_ENABLE_MODULES = YES;
				CLANG_ENABLE_OBJC_ARC = YES;
				CLANG_ENABLE_OBJC_WEAK = YES;
				CLANG_WARN_BLOCK_CAPTURE_AUTORELEASING = YES;
				CLANG_WARN_BOOL_CONVERSION = YES;
				CLANG_WARN_COMMA = YES;
				CLANG_WARN_CONSTANT_CONVERSION = YES;
				CLANG_WARN_DEPRECATED_OBJC_IMPLEMENTATIONS = YES;
				CLANG_WARN_DIRECT_OBJC_ISA_USAGE = YES_ERROR;
				CLANG_WARN_DOCUMENTATION_COMMENTS = YES;
				CLANG_WARN_EMPTY_BODY = YES;
				CLANG_WARN_ENUM_CONVERSION = YES;
				CLANG_WARN_INFINITE_RECURSION = YES;
				CLANG_WARN_INT_CONVERSION = YES;
				CLANG_WARN_NON_LITERAL_NULL_CONVERSION = YES;
				CLANG_WARN_OBJC_IMPLICIT_RETAIN_SELF = YES;
				CLANG_WARN_OBJC_LITERAL_CONVERSION = YES;
				CLANG_WARN_OBJC_ROOT_CLASS = YES_ERROR;
				CLANG_WARN_QUOTED_INCLUDE_IN_FRAMEWORK_HEADER = YES;
				CLANG_WARN_RANGE_LOOP_ANALYSIS = YES;
				CLANG_WARN_STRICT_PROTOTYPES = YES;
				CLANG_WARN_SUSPICIOUS_MOVE = YES;
				CLANG_WARN_UNGUARDED_AVAILABILITY = YES_AGGRESSIVE;
				CLANG_WARN_UNREACHABLE_CODE = YES;
				CLANG_WARN__DUPLICATE_METHOD_MATCH = YES;
				COPY_PHASE_STRIP = NO;
				DEBUG_INFORMATION_FORMAT = dwarf;
				ENABLE_STRICT_OBJC_MSGSEND = YES;
				ENABLE_TESTABILITY = YES;
				GCC_C_LANGUAGE_STANDARD = gnu11;
				GCC_DYNAMIC_NO_PIC = NO;
				GCC_NO_COMMON_BLOCKS = YES;
				GCC_OPTIMIZATION_LEVEL = 0;
				GCC_PREPROCESSOR_DEFINITIONS = (
					"DEBUG=1",
					"$(inherited)",
				);
				GCC_WARN_64_TO_32_BIT_CONVERSION = YES;
				GCC_WARN_ABOUT_RETURN_TYPE = YES_ERROR;
				GCC_WARN_UNDECLARED_SELECTOR = YES;
				GCC_WARN_UNINITIALIZED_AUTOS = YES_AGGRESSIVE;
				GCC_WARN_UNUSED_FUNCTION = YES;
				GCC_WARN_UNUSED_VARIABLE = YES;
				IPHONEOS_DEPLOYMENT_TARGET = 15.5;
				MTL_ENABLE_DEBUG_INFO = INCLUDE_SOURCE;
				MTL_FAST_MATH = YES;
				ONLY_ACTIVE_ARCH = YES;
				SDKROOT = iphoneos;
			};
			name = Debug;
		};
		6DEFAF312888FC2D004B9A80 /* Release */ = {
			isa = XCBuildConfiguration;
			buildSettings = {
				ALWAYS_SEARCH_USER_PATHS = NO;
				CLANG_ANALYZER_NONNULL = YES;
				CLANG_ANALYZER_NUMBER_OBJECT_CONVERSION = YES_AGGRESSIVE;
				CLANG_CXX_LANGUAGE_STANDARD = "gnu++17";
				CLANG_ENABLE_MODULES = YES;
				CLANG_ENABLE_OBJC_ARC = YES;
				CLANG_ENABLE_OBJC_WEAK = YES;
				CLANG_WARN_BLOCK_CAPTURE_AUTORELEASING = YES;
				CLANG_WARN_BOOL_CONVERSION = YES;
				CLANG_WARN_COMMA = YES;
				CLANG_WARN_CONSTANT_CONVERSION = YES;
				CLANG_WARN_DEPRECATED_OBJC_IMPLEMENTATIONS = YES;
				CLANG_WARN_DIRECT_OBJC_ISA_USAGE = YES_ERROR;
				CLANG_WARN_DOCUMENTATION_COMMENTS = YES;
				CLANG_WARN_EMPTY_BODY = YES;
				CLANG_WARN_ENUM_CONVERSION = YES;
				CLANG_WARN_INFINITE_RECURSION = YES;
				CLANG_WARN_INT_CONVERSION = YES;
				CLANG_WARN_NON_LITERAL_NULL_CONVERSION = YES;
				CLANG_WARN_OBJC_IMPLICIT_RETAIN_SELF = YES;
				CLANG_WARN_OBJC_LITERAL_CONVERSION = YES;
				CLANG_WARN_OBJC_ROOT_CLASS = YES_ERROR;
				CLANG_WARN_QUOTED_INCLUDE_IN_FRAMEWORK_HEADER = YES;
				CLANG_WARN_RANGE_LOOP_ANALYSIS = YES;
				CLANG_WARN_STRICT_PROTOTYPES = YES;
				CLANG_WARN_SUSPICIOUS_MOVE = YES;
				CLANG_WARN_UNGUARDED_AVAILABILITY = YES_AGGRESSIVE;
				CLANG_WARN_UNREACHABLE_CODE = YES;
				CLANG_WARN__DUPLICATE_METHOD_MATCH = YES;
				COPY_PHASE_STRIP = NO;
				DEBUG_INFORMATION_FORMAT = "dwarf-with-dsym";
				ENABLE_NS_ASSERTIONS = NO;
				ENABLE_STRICT_OBJC_MSGSEND = YES;
				GCC_C_LANGUAGE_STANDARD = gnu11;
				GCC_NO_COMMON_BLOCKS = YES;
				GCC_WARN_64_TO_32_BIT_CONVERSION = YES;
				GCC_WARN_ABOUT_RETURN_TYPE = YES_ERROR;
				GCC_WARN_UNDECLARED_SELECTOR = YES;
				GCC_WARN_UNINITIALIZED_AUTOS = YES_AGGRESSIVE;
				GCC_WARN_UNUSED_FUNCTION = YES;
				GCC_WARN_UNUSED_VARIABLE = YES;
				IPHONEOS_DEPLOYMENT_TARGET = 15.5;
				MTL_ENABLE_DEBUG_INFO = NO;
				MTL_FAST_MATH = YES;
				SDKROOT = iphoneos;
				VALIDATE_PRODUCT = YES;
			};
			name = Release;
		};
		6DEFAF332888FC2D004B9A80 /* Debug */ = {
			isa = XCBuildConfiguration;
			buildSettings = {
				ASSETCATALOG_COMPILER_APPICON_NAME = AppIcon;
				ASSETCATALOG_COMPILER_GLOBAL_ACCENT_COLOR_NAME = AccentColor;
				CODE_SIGN_STYLE = Automatic;
				CURRENT_PROJECT_VERSION = 1;
				GENERATE_INFOPLIST_FILE = YES;
				INFOPLIST_FILE = project_2/Info.plist;
				INFOPLIST_KEY_UIApplicationSupportsIndirectInputEvents = YES;
				INFOPLIST_KEY_UILaunchStoryboardName = LaunchScreen;
				INFOPLIST_KEY_UISupportedInterfaceOrientations_iPad = "UIInterfaceOrientationPortrait UIInterfaceOrientationPortraitUpsideDown UIInterfaceOrientationLandscapeLeft UIInterfaceOrientationLandscapeRight";
				INFOPLIST_KEY_UISupportedInterfaceOrientations_iPhone = "UIInterfaceOrientationPortrait UIInterfaceOrientationLandscapeLeft UIInterfaceOrientationLandscapeRight";
				IPHONEOS_DEPLOYMENT_TARGET = 15.5;
				LD_RUNPATH_SEARCH_PATHS = (
					"$(inherited)",
					"@executable_path/Frameworks",
				);
				MARKETING_VERSION = 1.0;
				PRODUCT_BUNDLE_IDENTIFIER = "my.project-2";
				PRODUCT_NAME = "$(TARGET_NAME)";
				SWIFT_EMIT_LOC_STRINGS = YES;
				TARGETED_DEVICE_FAMILY = "1,2";
			};
			name = Debug;
		};
		6DEFAF342888FC2D004B9A80 /* Release */ = {
			isa = XCBuildConfiguration;
			buildSettings = {
				ASSETCATALOG_COMPILER_APPICON_NAME = AppIcon;
				ASSETCATALOG_COMPILER_GLOBAL_ACCENT_COLOR_NAME = AccentColor;
				CODE_SIGN_STYLE = Automatic;
				CURRENT_PROJECT_VERSION = 1;
				GENERATE_INFOPLIST_FILE = YES;
				INFOPLIST_FILE = project_2/Info.plist;
				INFOPLIST_KEY_UIApplicationSupportsIndirectInputEvents = YES;
				INFOPLIST_KEY_UILaunchStoryboardName = LaunchScreen;
				INFOPLIST_KEY_UISupportedInterfaceOrientations_iPad = "UIInterfaceOrientationPortrait UIInterfaceOrientationPortraitUpsideDown UIInterfaceOrientationLandscapeLeft UIInterfaceOrientationLandscapeRight";
				INFOPLIST_KEY_UISupportedInterfaceOrientations_iPhone = "UIInterfaceOrientationPortrait UIInterfaceOrientationLandscapeLeft UIInterfaceOrientationLandscapeRight";
				IPHONEOS_DEPLOYMENT_TARGET = 15.5;
				LD_RUNPATH_SEARCH_PATHS = (
					"$(inherited)",
					"@executable_path/Frameworks",
				);
				MARKETING_VERSION = 1.0;
				PRODUCT_BUNDLE_IDENTIFIER = "my.project-2";
				PRODUCT_NAME = "$(TARGET_NAME)";
				SWIFT_EMIT_LOC_STRINGS = YES;
				TARGETED_DEVICE_FAMILY = "1,2";
			};
			name = Release;
		};
/* End XCBuildConfiguration section */

/* Begin XCConfigurationList section */
		6DEFAF142888FC2A004B9A80 /* Build configuration list for PBXProject "project_2" */ = {
			isa = XCConfigurationList;
			buildConfigurations = (
				6DEFAF302888FC2D004B9A80 /* Debug */,
				6DEFAF312888FC2D004B9A80 /* Release */,
			);
			defaultConfigurationIsVisible = 0;
			defaultConfigurationName = Release;
		};
		6DEFAF322888FC2D004B9A80 /* Build configuration list for PBXNativeTarget "project_2" */ = {
			isa = XCConfigurationList;
			buildConfigurations = (
				6DEFAF332888FC2D004B9A80 /* Debug */,
				6DEFAF342888FC2D004B9A80 /* Release */,
			);
			defaultConfigurationIsVisible = 0;
			defaultConfigurationName = Release;
		};
/* End XCConfigurationList section */
	};
	rootObject = 6DEFAF112888FC2A004B9A80 /* Project object */;
}
